Microsoft Visual Studio Solution File, Format Version 11.00
# Visual Studio 2008

Project("{B0F7A6F2-F145-50E9-D6B4-B1761A665F04}") = "PROJECT_ALIEN", "Assembly-CSharp.csproj", "{B7686199-00A7-5A14-3C74-F530D4E1CDC9}"
EndProject
Global
	GlobalSection(SolutionConfigurationPlatforms) = preSolution
		Debug|Any CPU = Debug|Any CPU
		Release|Any CPU = Release|Any CPU
	EndGlobalSection
	GlobalSection(ProjectConfigurationPlatforms) = postSolution
		{B7686199-00A7-5A14-3C74-F530D4E1CDC9}.Debug|Any CPU.ActiveCfg = Debug|Any CPU
		{B7686199-00A7-5A14-3C74-F530D4E1CDC9}.Debug|Any CPU.Build.0 = Debug|Any CPU
		{B7686199-00A7-5A14-3C74-F530D4E1CDC9}.Release|Any CPU.ActiveCfg = Release|Any CPU
		{B7686199-00A7-5A14-3C74-F530D4E1CDC9}.Release|Any CPU.Build.0 = Release|Any CPU
	EndGlobalSection
	GlobalSection(SolutionProperties) = preSolution
		HideSolutionNode = FALSE
	EndGlobalSection
	GlobalSection(MonoDevelopProperties) = preSolution
		StartupItem = Assembly-CSharp.csproj
	EndGlobalSection
EndGlobal
