Microsoft Visual Studio Solution File, Format Version 11.00
# Visual Studio 2008

Project("{59F5C6BD-DB4D-7586-4BFA-6376B92A2F96}") = "VICTORIAN_CIRCLE_SWORD_GAME", "Assembly-CSharp.csproj", "{1EDB1876-0A29-E198-A885-EB4A9E16182A}"
EndProject
Global
	GlobalSection(SolutionConfigurationPlatforms) = preSolution
		Debug|Any CPU = Debug|Any CPU
		Release|Any CPU = Release|Any CPU
	EndGlobalSection
	GlobalSection(ProjectConfigurationPlatforms) = postSolution
		{1EDB1876-0A29-E198-A885-EB4A9E16182A}.Debug|Any CPU.ActiveCfg = Debug|Any CPU
		{1EDB1876-0A29-E198-A885-EB4A9E16182A}.Debug|Any CPU.Build.0 = Debug|Any CPU
		{1EDB1876-0A29-E198-A885-EB4A9E16182A}.Release|Any CPU.ActiveCfg = Release|Any CPU
		{1EDB1876-0A29-E198-A885-EB4A9E16182A}.Release|Any CPU.Build.0 = Release|Any CPU
	EndGlobalSection
	GlobalSection(SolutionProperties) = preSolution
		HideSolutionNode = FALSE
	EndGlobalSection
	GlobalSection(MonoDevelopProperties) = preSolution
		StartupItem = Assembly-CSharp.csproj
	EndGlobalSection
EndGlobal
